
Microsoft Visual Studio Solution File, Format Version 12.00
# Visual Studio Version 16
VisualStudioVersion = 16.0.30626.31
MinimumVisualStudioVersion = 10.0.40219.1
Project("{FAE04EC0-301F-11D3-BF4B-00C04F79EFBC}") = "ILHookHelperAPI", "AssortedAPIs\ILHookHelperAPI.csproj", "{A39818BD-B748-43DC-BDEB-8E068A002DDB}"
EndProject
Global
	GlobalSection(SolutionConfigurationPlatforms) = preSolution
		Debug|Any CPU = Debug|Any CPU
		Release|Any CPU = Release|Any CPU
	EndGlobalSection
	GlobalSection(ProjectConfigurationPlatforms) = postSolution
		{A39818BD-B748-43DC-BDEB-8E068A002DDB}.Debug|Any CPU.ActiveCfg = Debug|Any CPU
		{A39818BD-B748-43DC-BDEB-8E068A002DDB}.Debug|Any CPU.Build.0 = Debug|Any CPU
		{A39818BD-B748-43DC-BDEB-8E068A002DDB}.Release|Any CPU.ActiveCfg = Release|Any CPU
		{A39818BD-B748-43DC-BDEB-8E068A002DDB}.Release|Any CPU.Build.0 = Release|Any CPU
	EndGlobalSection
	GlobalSection(SolutionProperties) = preSolution
		HideSolutionNode = FALSE
	EndGlobalSection
	GlobalSection(ExtensibilityGlobals) = postSolution
		SolutionGuid = {1DBE19B2-C8E5-42E9-904B-0029B0EAC56E}
	EndGlobalSection
EndGlobal
